
Microsoft Visual Studio Solution File, Format Version 12.00
# Visual Studio Version 17
VisualStudioVersion = 17.0.31903.59
MinimumVisualStudioVersion = 10.0.40219.1
Project("{FAE04EC0-301F-11D3-BF4B-00C04F79EFBC}") = "SmartWarehouse.Core", "SmartWarehouse.Core\SmartWarehouse.Core.csproj", "{503142D8-9E17-40CF-B91D-B2C616AEDD99}"
EndProject
Project("{FAE04EC0-301F-11D3-BF4B-00C04F79EFBC}") = "SmartWarehouse.Tests", "SmartWarehouse.Tests\SmartWarehouse.Tests.csproj", "{2400F622-2080-406B-A6D3-D722DAF4859D}"
EndProject
Global
	GlobalSection(SolutionConfigurationPlatforms) = preSolution
		Debug|Any CPU = Debug|Any CPU
		Debug|x64 = Debug|x64
		Debug|x86 = Debug|x86
		Release|Any CPU = Release|Any CPU
		Release|x64 = Release|x64
		Release|x86 = Release|x86
	EndGlobalSection
	GlobalSection(ProjectConfigurationPlatforms) = postSolution
		{503142D8-9E17-40CF-B91D-B2C616AEDD99}.Debug|Any CPU.ActiveCfg = Debug|Any CPU
		{503142D8-9E17-40CF-B91D-B2C616AEDD99}.Debug|Any CPU.Build.0 = Debug|Any CPU
		{503142D8-9E17-40CF-B91D-B2C616AEDD99}.Debug|x64.ActiveCfg = Debug|Any CPU
		{503142D8-9E17-40CF-B91D-B2C616AEDD99}.Debug|x64.Build.0 = Debug|Any CPU
		{503142D8-9E17-40CF-B91D-B2C616AEDD99}.Debug|x86.ActiveCfg = Debug|Any CPU
		{503142D8-9E17-40CF-B91D-B2C616AEDD99}.Debug|x86.Build.0 = Debug|Any CPU
		{503142D8-9E17-40CF-B91D-B2C616AEDD99}.Release|Any CPU.ActiveCfg = Release|Any CPU
		{503142D8-9E17-40CF-B91D-B2C616AEDD99}.Release|Any CPU.Build.0 = Release|Any CPU
		{503142D8-9E17-40CF-B91D-B2C616AEDD99}.Release|x64.ActiveCfg = Release|Any CPU
		{503142D8-9E17-40CF-B91D-B2C616AEDD99}.Release|x64.Build.0 = Release|Any CPU
		{503142D8-9E17-40CF-B91D-B2C616AEDD99}.Release|x86.ActiveCfg = Release|Any CPU
		{503142D8-9E17-40CF-B91D-B2C616AEDD99}.Release|x86.Build.0 = Release|Any CPU
		{2400F622-2080-406B-A6D3-D722DAF4859D}.Debug|Any CPU.ActiveCfg = Debug|Any CPU
		{2400F622-2080-406B-A6D3-D722DAF4859D}.Debug|Any CPU.Build.0 = Debug|Any CPU
		{2400F622-2080-406B-A6D3-D722DAF4859D}.Debug|x64.ActiveCfg = Debug|Any CPU
		{2400F622-2080-406B-A6D3-D722DAF4859D}.Debug|x64.Build.0 = Debug|Any CPU
		{2400F622-2080-406B-A6D3-D722DAF4859D}.Debug|x86.ActiveCfg = Debug|Any CPU
		{2400F622-2080-406B-A6D3-D722DAF4859D}.Debug|x86.Build.0 = Debug|Any CPU
		{2400F622-2080-406B-A6D3-D722DAF4859D}.Release|Any CPU.ActiveCfg = Release|Any CPU
		{2400F622-2080-406B-A6D3-D722DAF4859D}.Release|Any CPU.Build.0 = Release|Any CPU
		{2400F622-2080-406B-A6D3-D722DAF4859D}.Release|x64.ActiveCfg = Release|Any CPU
		{2400F622-2080-406B-A6D3-D722DAF4859D}.Release|x64.Build.0 = Release|Any CPU
		{2400F622-2080-406B-A6D3-D722DAF4859D}.Release|x86.ActiveCfg = Release|Any CPU
		{2400F622-2080-406B-A6D3-D722DAF4859D}.Release|x86.Build.0 = Release|Any CPU
	EndGlobalSection
	GlobalSection(SolutionProperties) = preSolution
		HideSolutionNode = FALSE
	EndGlobalSection
EndGlobal
